dependencies:
  idf:
    component_hash: null
    source:
      type: idf
    version: 5.3.0
  protocol_examples_common:
    component_hash: null
    source:
      path: /home/andy/esp/esp-idf/examples/common_components/protocol_examples_common
      type: local
    version: '*'
manifest_hash: 311d98087cd8e6f358ce79ee752171ee48c0b38fdeb813a502bf38c8782c7e3d
target: esp32s3
version: 1.0.0
