dependencies:
  idf:
    component_hash: null
    source:
      type: idf
    version: 5.3.0
  protocol_examples_common:
    component_hash: null
    source:
      path: /home/andy/esp/esp-idf/examples/common_components/protocol_examples_common
      type: local
    version: '*'
manifest_hash: 8c83649e56fd38fc62afa1a9660affc715779be90c55616329589b09fcac7ec6
target: esp32
version: 1.0.0
